
Microsoft Visual Studio Solution File, Format Version 11.00
# Visual Studio 2010
Project("{FAE04EC0-301F-11D3-BF4B-00C04F79EFBC}") = "MinecraftAdmin", "MinecraftAdminV1\MinecraftAdmin.csproj", "{D74B3CBB-0AC1-4360-82FA-813230F284E9}"
EndProject
Project("{FAE04EC0-301F-11D3-BF4B-00C04F79EFBC}") = "MinecraftWrapper", "MinecraftWrapper\MinecraftWrapper.csproj", "{C47D56BC-B5F1-4555-8534-5C4518F31AE9}"
EndProject
Project("{FAE04EC0-301F-11D3-BF4B-00C04F79EFBC}") = "ZmaIrcPlugin", "..\ZmaIRCPlugin\ZmaIrcPlugin.csproj", "{01CDC423-ABBA-4F80-BF4F-E20449CF059C}"
EndProject
Project("{FAE04EC0-301F-11D3-BF4B-00C04F79EFBC}") = "ZmaSamplePlugin", "..\ZmaSamplePlugin\ZmaSamplePlugin.csproj", "{F9C65C80-4D62-491C-BA28-777F39A82D52}"
EndProject
Project("{FAE04EC0-301F-11D3-BF4B-00C04F79EFBC}") = "ZmaMapLimiter", "..\ZmaMapLimiter\ZmaMapLimiter\ZmaMapLimiter.csproj", "{5D7591AE-DA8B-4399-8077-4D8B481271AD}"
EndProject
Project("{FAE04EC0-301F-11D3-BF4B-00C04F79EFBC}") = "LotteryPlugin", "..\LotteryPlugin\LotteryPlugin.csproj", "{66C117F0-7E6F-4F65-8F55-1E8DDF2E42DE}"
EndProject
Project("{FAE04EC0-301F-11D3-BF4B-00C04F79EFBC}") = "ZmaRssReader", "ZmaRssReader\ZmaRssReader.csproj", "{8185B4EB-F932-48A4-B602-840DF71DCC8E}"
EndProject
Project("{FAE04EC0-301F-11D3-BF4B-00C04F79EFBC}") = "RSS.NET", "RSS.NET\RSS.NET.csproj", "{C42FC014-7E12-4FAF-9BC9-79BF1529440D}"
EndProject
Project("{FAE04EC0-301F-11D3-BF4B-00C04F79EFBC}") = "TaskManagerLib", "TaskManager\TaskManagerLib.csproj", "{6D5F0E74-B8B0-43D6-ACE2-ECFF62A4B67C}"
EndProject
Project("{FAE04EC0-301F-11D3-BF4B-00C04F79EFBC}") = "ZicoresUtils", "..\..\ZicoresUtils\ZicoresUtils.csproj", "{A54E2798-EE37-4418-89C7-8B2A1B85D73C}"
EndProject
Project("{FAE04EC0-301F-11D3-BF4B-00C04F79EFBC}") = "ZmaWebServer", "ZmaWebServer\ZmaWebServer.csproj", "{D6D41AE9-42C9-44BB-A64F-126DF503932D}"
EndProject
Project("{FAE04EC0-301F-11D3-BF4B-00C04F79EFBC}") = "HttpServer", "..\HttpServer\HttpServer.csproj", "{455E7D70-1C85-4D7F-9F01-DC801B8B8C34}"
EndProject
Project("{FAE04EC0-301F-11D3-BF4B-00C04F79EFBC}") = "ZMAHelloWorldPlugin", "ZMAHelloWorldPlugin\ZMAHelloWorldPlugin.csproj", "{E14C4A2D-C4F3-486E-9DBD-74258A308807}"
EndProject
Global
	GlobalSection(SolutionConfigurationPlatforms) = preSolution
		Debug|Any CPU = Debug|Any CPU
		Debug|Mixed Platforms = Debug|Mixed Platforms
		Debug|x86 = Debug|x86
		Release|Any CPU = Release|Any CPU
		Release|Mixed Platforms = Release|Mixed Platforms
		Release|x86 = Release|x86
		Test|Any CPU = Test|Any CPU
		Test|Mixed Platforms = Test|Mixed Platforms
		Test|x86 = Test|x86
	EndGlobalSection
	GlobalSection(ProjectConfigurationPlatforms) = postSolution
		{D74B3CBB-0AC1-4360-82FA-813230F284E9}.Debug|Any CPU.ActiveCfg = Debug|Any CPU
		{D74B3CBB-0AC1-4360-82FA-813230F284E9}.Debug|Any CPU.Build.0 = Debug|Any CPU
		{D74B3CBB-0AC1-4360-82FA-813230F284E9}.Debug|Mixed Platforms.ActiveCfg = Debug|Any CPU
		{D74B3CBB-0AC1-4360-82FA-813230F284E9}.Debug|Mixed Platforms.Build.0 = Debug|Any CPU
		{D74B3CBB-0AC1-4360-82FA-813230F284E9}.Debug|x86.ActiveCfg = Debug|Any CPU
		{D74B3CBB-0AC1-4360-82FA-813230F284E9}.Release|Any CPU.ActiveCfg = Release|Any CPU
		{D74B3CBB-0AC1-4360-82FA-813230F284E9}.Release|Any CPU.Build.0 = Release|Any CPU
		{D74B3CBB-0AC1-4360-82FA-813230F284E9}.Release|Mixed Platforms.ActiveCfg = Release|Any CPU
		{D74B3CBB-0AC1-4360-82FA-813230F284E9}.Release|Mixed Platforms.Build.0 = Release|Any CPU
		{D74B3CBB-0AC1-4360-82FA-813230F284E9}.Release|x86.ActiveCfg = Release|Any CPU
		{D74B3CBB-0AC1-4360-82FA-813230F284E9}.Test|Any CPU.ActiveCfg = Release|Any CPU
		{D74B3CBB-0AC1-4360-82FA-813230F284E9}.Test|Any CPU.Build.0 = Release|Any CPU
		{D74B3CBB-0AC1-4360-82FA-813230F284E9}.Test|Mixed Platforms.ActiveCfg = Release|Any CPU
		{D74B3CBB-0AC1-4360-82FA-813230F284E9}.Test|Mixed Platforms.Build.0 = Release|Any CPU
		{D74B3CBB-0AC1-4360-82FA-813230F284E9}.Test|x86.ActiveCfg = Release|Any CPU
		{C47D56BC-B5F1-4555-8534-5C4518F31AE9}.Debug|Any CPU.ActiveCfg = Debug|Any CPU
		{C47D56BC-B5F1-4555-8534-5C4518F31AE9}.Debug|Any CPU.Build.0 = Debug|Any CPU
		{C47D56BC-B5F1-4555-8534-5C4518F31AE9}.Debug|Mixed Platforms.ActiveCfg = Debug|Any CPU
		{C47D56BC-B5F1-4555-8534-5C4518F31AE9}.Debug|Mixed Platforms.Build.0 = Debug|Any CPU
		{C47D56BC-B5F1-4555-8534-5C4518F31AE9}.Debug|x86.ActiveCfg = Debug|Any CPU
		{C47D56BC-B5F1-4555-8534-5C4518F31AE9}.Release|Any CPU.ActiveCfg = Release|Any CPU
		{C47D56BC-B5F1-4555-8534-5C4518F31AE9}.Release|Any CPU.Build.0 = Release|Any CPU
		{C47D56BC-B5F1-4555-8534-5C4518F31AE9}.Release|Mixed Platforms.ActiveCfg = Release|Any CPU
		{C47D56BC-B5F1-4555-8534-5C4518F31AE9}.Release|Mixed Platforms.Build.0 = Release|Any CPU
		{C47D56BC-B5F1-4555-8534-5C4518F31AE9}.Release|x86.ActiveCfg = Release|Any CPU
		{C47D56BC-B5F1-4555-8534-5C4518F31AE9}.Test|Any CPU.ActiveCfg = Release|Any CPU
		{C47D56BC-B5F1-4555-8534-5C4518F31AE9}.Test|Any CPU.Build.0 = Release|Any CPU
		{C47D56BC-B5F1-4555-8534-5C4518F31AE9}.Test|Mixed Platforms.ActiveCfg = Release|Any CPU
		{C47D56BC-B5F1-4555-8534-5C4518F31AE9}.Test|Mixed Platforms.Build.0 = Release|Any CPU
		{C47D56BC-B5F1-4555-8534-5C4518F31AE9}.Test|x86.ActiveCfg = Release|Any CPU
		{01CDC423-ABBA-4F80-BF4F-E20449CF059C}.Debug|Any CPU.ActiveCfg = Debug|Any CPU
		{01CDC423-ABBA-4F80-BF4F-E20449CF059C}.Debug|Any CPU.Build.0 = Debug|Any CPU
		{01CDC423-ABBA-4F80-BF4F-E20449CF059C}.Debug|Mixed Platforms.ActiveCfg = Debug|Any CPU
		{01CDC423-ABBA-4F80-BF4F-E20449CF059C}.Debug|Mixed Platforms.Build.0 = Debug|Any CPU
		{01CDC423-ABBA-4F80-BF4F-E20449CF059C}.Debug|x86.ActiveCfg = Debug|Any CPU
		{01CDC423-ABBA-4F80-BF4F-E20449CF059C}.Release|Any CPU.ActiveCfg = Release|Any CPU
		{01CDC423-ABBA-4F80-BF4F-E20449CF059C}.Release|Any CPU.Build.0 = Release|Any CPU
		{01CDC423-ABBA-4F80-BF4F-E20449CF059C}.Release|Mixed Platforms.ActiveCfg = Release|Any CPU
		{01CDC423-ABBA-4F80-BF4F-E20449CF059C}.Release|Mixed Platforms.Build.0 = Release|Any CPU
		{01CDC423-ABBA-4F80-BF4F-E20449CF059C}.Release|x86.ActiveCfg = Release|Any CPU
		{01CDC423-ABBA-4F80-BF4F-E20449CF059C}.Test|Any CPU.ActiveCfg = Release|Any CPU
		{01CDC423-ABBA-4F80-BF4F-E20449CF059C}.Test|Any CPU.Build.0 = Release|Any CPU
		{01CDC423-ABBA-4F80-BF4F-E20449CF059C}.Test|Mixed Platforms.ActiveCfg = Release|Any CPU
		{01CDC423-ABBA-4F80-BF4F-E20449CF059C}.Test|Mixed Platforms.Build.0 = Release|Any CPU
		{01CDC423-ABBA-4F80-BF4F-E20449CF059C}.Test|x86.ActiveCfg = Release|Any CPU
		{F9C65C80-4D62-491C-BA28-777F39A82D52}.Debug|Any CPU.ActiveCfg = Debug|Any CPU
		{F9C65C80-4D62-491C-BA28-777F39A82D52}.Debug|Any CPU.Build.0 = Debug|Any CPU
		{F9C65C80-4D62-491C-BA28-777F39A82D52}.Debug|Mixed Platforms.ActiveCfg = Debug|Any CPU
		{F9C65C80-4D62-491C-BA28-777F39A82D52}.Debug|x86.ActiveCfg = Debug|Any CPU
		{F9C65C80-4D62-491C-BA28-777F39A82D52}.Release|Any CPU.ActiveCfg = Release|Any CPU
		{F9C65C80-4D62-491C-BA28-777F39A82D52}.Release|Any CPU.Build.0 = Release|Any CPU
		{F9C65C80-4D62-491C-BA28-777F39A82D52}.Release|Mixed Platforms.ActiveCfg = Release|Any CPU
		{F9C65C80-4D62-491C-BA28-777F39A82D52}.Release|Mixed Platforms.Build.0 = Release|Any CPU
		{F9C65C80-4D62-491C-BA28-777F39A82D52}.Release|x86.ActiveCfg = Release|Any CPU
		{F9C65C80-4D62-491C-BA28-777F39A82D52}.Test|Any CPU.ActiveCfg = Release|Any CPU
		{F9C65C80-4D62-491C-BA28-777F39A82D52}.Test|Any CPU.Build.0 = Release|Any CPU
		{F9C65C80-4D62-491C-BA28-777F39A82D52}.Test|Mixed Platforms.ActiveCfg = Release|Any CPU
		{F9C65C80-4D62-491C-BA28-777F39A82D52}.Test|Mixed Platforms.Build.0 = Release|Any CPU
		{F9C65C80-4D62-491C-BA28-777F39A82D52}.Test|x86.ActiveCfg = Release|Any CPU
		{5D7591AE-DA8B-4399-8077-4D8B481271AD}.Debug|Any CPU.ActiveCfg = Debug|Any CPU
		{5D7591AE-DA8B-4399-8077-4D8B481271AD}.Debug|Any CPU.Build.0 = Debug|Any CPU
		{5D7591AE-DA8B-4399-8077-4D8B481271AD}.Debug|Mixed Platforms.ActiveCfg = Debug|Any CPU
		{5D7591AE-DA8B-4399-8077-4D8B481271AD}.Debug|x86.ActiveCfg = Debug|Any CPU
		{5D7591AE-DA8B-4399-8077-4D8B481271AD}.Release|Any CPU.ActiveCfg = Release|Any CPU
		{5D7591AE-DA8B-4399-8077-4D8B481271AD}.Release|Any CPU.Build.0 = Release|Any CPU
		{5D7591AE-DA8B-4399-8077-4D8B481271AD}.Release|Mixed Platforms.ActiveCfg = Release|Any CPU
		{5D7591AE-DA8B-4399-8077-4D8B481271AD}.Release|Mixed Platforms.Build.0 = Release|Any CPU
		{5D7591AE-DA8B-4399-8077-4D8B481271AD}.Release|x86.ActiveCfg = Release|Any CPU
		{5D7591AE-DA8B-4399-8077-4D8B481271AD}.Test|Any CPU.ActiveCfg = Release|Any CPU
		{5D7591AE-DA8B-4399-8077-4D8B481271AD}.Test|Any CPU.Build.0 = Release|Any CPU
		{5D7591AE-DA8B-4399-8077-4D8B481271AD}.Test|Mixed Platforms.ActiveCfg = Release|Any CPU
		{5D7591AE-DA8B-4399-8077-4D8B481271AD}.Test|Mixed Platforms.Build.0 = Release|Any CPU
		{5D7591AE-DA8B-4399-8077-4D8B481271AD}.Test|x86.ActiveCfg = Release|Any CPU
		{66C117F0-7E6F-4F65-8F55-1E8DDF2E42DE}.Debug|Any CPU.ActiveCfg = Debug|Any CPU
		{66C117F0-7E6F-4F65-8F55-1E8DDF2E42DE}.Debug|Any CPU.Build.0 = Debug|Any CPU
		{66C117F0-7E6F-4F65-8F55-1E8DDF2E42DE}.Debug|Mixed Platforms.ActiveCfg = Debug|Any CPU
		{66C117F0-7E6F-4F65-8F55-1E8DDF2E42DE}.Debug|x86.ActiveCfg = Debug|Any CPU
		{66C117F0-7E6F-4F65-8F55-1E8DDF2E42DE}.Release|Any CPU.ActiveCfg = Release|Any CPU
		{66C117F0-7E6F-4F65-8F55-1E8DDF2E42DE}.Release|Any CPU.Build.0 = Release|Any CPU
		{66C117F0-7E6F-4F65-8F55-1E8DDF2E42DE}.Release|Mixed Platforms.ActiveCfg = Release|Any CPU
		{66C117F0-7E6F-4F65-8F55-1E8DDF2E42DE}.Release|Mixed Platforms.Build.0 = Release|Any CPU
		{66C117F0-7E6F-4F65-8F55-1E8DDF2E42DE}.Release|x86.ActiveCfg = Release|Any CPU
		{66C117F0-7E6F-4F65-8F55-1E8DDF2E42DE}.Test|Any CPU.ActiveCfg = Release|Any CPU
		{66C117F0-7E6F-4F65-8F55-1E8DDF2E42DE}.Test|Any CPU.Build.0 = Release|Any CPU
		{66C117F0-7E6F-4F65-8F55-1E8DDF2E42DE}.Test|Mixed Platforms.ActiveCfg = Release|Any CPU
		{66C117F0-7E6F-4F65-8F55-1E8DDF2E42DE}.Test|Mixed Platforms.Build.0 = Release|Any CPU
		{66C117F0-7E6F-4F65-8F55-1E8DDF2E42DE}.Test|x86.ActiveCfg = Release|Any CPU
		{8185B4EB-F932-48A4-B602-840DF71DCC8E}.Debug|Any CPU.ActiveCfg = Debug|Any CPU
		{8185B4EB-F932-48A4-B602-840DF71DCC8E}.Debug|Any CPU.Build.0 = Debug|Any CPU
		{8185B4EB-F932-48A4-B602-840DF71DCC8E}.Debug|Mixed Platforms.ActiveCfg = Debug|Any CPU
		{8185B4EB-F932-48A4-B602-840DF71DCC8E}.Debug|x86.ActiveCfg = Debug|Any CPU
		{8185B4EB-F932-48A4-B602-840DF71DCC8E}.Release|Any CPU.ActiveCfg = Release|Any CPU
		{8185B4EB-F932-48A4-B602-840DF71DCC8E}.Release|Any CPU.Build.0 = Release|Any CPU
		{8185B4EB-F932-48A4-B602-840DF71DCC8E}.Release|Mixed Platforms.ActiveCfg = Release|Any CPU
		{8185B4EB-F932-48A4-B602-840DF71DCC8E}.Release|Mixed Platforms.Build.0 = Release|Any CPU
		{8185B4EB-F932-48A4-B602-840DF71DCC8E}.Release|x86.ActiveCfg = Release|Any CPU
		{8185B4EB-F932-48A4-B602-840DF71DCC8E}.Test|Any CPU.ActiveCfg = Release|Any CPU
		{8185B4EB-F932-48A4-B602-840DF71DCC8E}.Test|Any CPU.Build.0 = Release|Any CPU
		{8185B4EB-F932-48A4-B602-840DF71DCC8E}.Test|Mixed Platforms.ActiveCfg = Release|Any CPU
		{8185B4EB-F932-48A4-B602-840DF71DCC8E}.Test|Mixed Platforms.Build.0 = Release|Any CPU
		{8185B4EB-F932-48A4-B602-840DF71DCC8E}.Test|x86.ActiveCfg = Release|Any CPU
		{C42FC014-7E12-4FAF-9BC9-79BF1529440D}.Debug|Any CPU.ActiveCfg = Debug|Any CPU
		{C42FC014-7E12-4FAF-9BC9-79BF1529440D}.Debug|Any CPU.Build.0 = Debug|Any CPU
		{C42FC014-7E12-4FAF-9BC9-79BF1529440D}.Debug|Mixed Platforms.ActiveCfg = Debug|Any CPU
		{C42FC014-7E12-4FAF-9BC9-79BF1529440D}.Debug|Mixed Platforms.Build.0 = Debug|Any CPU
		{C42FC014-7E12-4FAF-9BC9-79BF1529440D}.Debug|x86.ActiveCfg = Debug|Any CPU
		{C42FC014-7E12-4FAF-9BC9-79BF1529440D}.Release|Any CPU.ActiveCfg = Release|Any CPU
		{C42FC014-7E12-4FAF-9BC9-79BF1529440D}.Release|Any CPU.Build.0 = Release|Any CPU
		{C42FC014-7E12-4FAF-9BC9-79BF1529440D}.Release|Mixed Platforms.ActiveCfg = Release|Any CPU
		{C42FC014-7E12-4FAF-9BC9-79BF1529440D}.Release|Mixed Platforms.Build.0 = Release|Any CPU
		{C42FC014-7E12-4FAF-9BC9-79BF1529440D}.Release|x86.ActiveCfg = Release|Any CPU
		{C42FC014-7E12-4FAF-9BC9-79BF1529440D}.Test|Any CPU.ActiveCfg = Release|Any CPU
		{C42FC014-7E12-4FAF-9BC9-79BF1529440D}.Test|Any CPU.Build.0 = Release|Any CPU
		{C42FC014-7E12-4FAF-9BC9-79BF1529440D}.Test|Mixed Platforms.ActiveCfg = Release|Any CPU
		{C42FC014-7E12-4FAF-9BC9-79BF1529440D}.Test|Mixed Platforms.Build.0 = Release|Any CPU
		{C42FC014-7E12-4FAF-9BC9-79BF1529440D}.Test|x86.ActiveCfg = Release|Any CPU
		{6D5F0E74-B8B0-43D6-ACE2-ECFF62A4B67C}.Debug|Any CPU.ActiveCfg = Debug|Any CPU
		{6D5F0E74-B8B0-43D6-ACE2-ECFF62A4B67C}.Debug|Any CPU.Build.0 = Debug|Any CPU
		{6D5F0E74-B8B0-43D6-ACE2-ECFF62A4B67C}.Debug|Mixed Platforms.ActiveCfg = Debug|Any CPU
		{6D5F0E74-B8B0-43D6-ACE2-ECFF62A4B67C}.Debug|Mixed Platforms.Build.0 = Debug|Any CPU
		{6D5F0E74-B8B0-43D6-ACE2-ECFF62A4B67C}.Debug|x86.ActiveCfg = Debug|Any CPU
		{6D5F0E74-B8B0-43D6-ACE2-ECFF62A4B67C}.Release|Any CPU.ActiveCfg = Release|Any CPU
		{6D5F0E74-B8B0-43D6-ACE2-ECFF62A4B67C}.Release|Any CPU.Build.0 = Release|Any CPU
		{6D5F0E74-B8B0-43D6-ACE2-ECFF62A4B67C}.Release|Mixed Platforms.ActiveCfg = Release|Any CPU
		{6D5F0E74-B8B0-43D6-ACE2-ECFF62A4B67C}.Release|Mixed Platforms.Build.0 = Release|Any CPU
		{6D5F0E74-B8B0-43D6-ACE2-ECFF62A4B67C}.Release|x86.ActiveCfg = Release|Any CPU
		{6D5F0E74-B8B0-43D6-ACE2-ECFF62A4B67C}.Test|Any CPU.ActiveCfg = Release|Any CPU
		{6D5F0E74-B8B0-43D6-ACE2-ECFF62A4B67C}.Test|Any CPU.Build.0 = Release|Any CPU
		{6D5F0E74-B8B0-43D6-ACE2-ECFF62A4B67C}.Test|Mixed Platforms.ActiveCfg = Release|Any CPU
		{6D5F0E74-B8B0-43D6-ACE2-ECFF62A4B67C}.Test|Mixed Platforms.Build.0 = Release|Any CPU
		{6D5F0E74-B8B0-43D6-ACE2-ECFF62A4B67C}.Test|x86.ActiveCfg = Release|Any CPU
		{A54E2798-EE37-4418-89C7-8B2A1B85D73C}.Debug|Any CPU.ActiveCfg = Debug|Any CPU
		{A54E2798-EE37-4418-89C7-8B2A1B85D73C}.Debug|Any CPU.Build.0 = Debug|Any CPU
		{A54E2798-EE37-4418-89C7-8B2A1B85D73C}.Debug|Mixed Platforms.ActiveCfg = Debug|Any CPU
		{A54E2798-EE37-4418-89C7-8B2A1B85D73C}.Debug|Mixed Platforms.Build.0 = Debug|Any CPU
		{A54E2798-EE37-4418-89C7-8B2A1B85D73C}.Debug|x86.ActiveCfg = Debug|Any CPU
		{A54E2798-EE37-4418-89C7-8B2A1B85D73C}.Release|Any CPU.ActiveCfg = Release|Any CPU
		{A54E2798-EE37-4418-89C7-8B2A1B85D73C}.Release|Any CPU.Build.0 = Release|Any CPU
		{A54E2798-EE37-4418-89C7-8B2A1B85D73C}.Release|Mixed Platforms.ActiveCfg = Release|Any CPU
		{A54E2798-EE37-4418-89C7-8B2A1B85D73C}.Release|Mixed Platforms.Build.0 = Release|Any CPU
		{A54E2798-EE37-4418-89C7-8B2A1B85D73C}.Release|x86.ActiveCfg = Release|Any CPU
		{A54E2798-EE37-4418-89C7-8B2A1B85D73C}.Test|Any CPU.ActiveCfg = Release|Any CPU
		{A54E2798-EE37-4418-89C7-8B2A1B85D73C}.Test|Any CPU.Build.0 = Release|Any CPU
		{A54E2798-EE37-4418-89C7-8B2A1B85D73C}.Test|Mixed Platforms.ActiveCfg = Release|Any CPU
		{A54E2798-EE37-4418-89C7-8B2A1B85D73C}.Test|Mixed Platforms.Build.0 = Release|Any CPU
		{A54E2798-EE37-4418-89C7-8B2A1B85D73C}.Test|x86.ActiveCfg = Release|Any CPU
		{D6D41AE9-42C9-44BB-A64F-126DF503932D}.Debug|Any CPU.ActiveCfg = Debug|x86
		{D6D41AE9-42C9-44BB-A64F-126DF503932D}.Debug|Mixed Platforms.ActiveCfg = Debug|x86
		{D6D41AE9-42C9-44BB-A64F-126DF503932D}.Debug|Mixed Platforms.Build.0 = Debug|x86
		{D6D41AE9-42C9-44BB-A64F-126DF503932D}.Debug|x86.ActiveCfg = Debug|x86
		{D6D41AE9-42C9-44BB-A64F-126DF503932D}.Debug|x86.Build.0 = Debug|x86
		{D6D41AE9-42C9-44BB-A64F-126DF503932D}.Release|Any CPU.ActiveCfg = Release|x86
		{D6D41AE9-42C9-44BB-A64F-126DF503932D}.Release|Mixed Platforms.ActiveCfg = Release|x86
		{D6D41AE9-42C9-44BB-A64F-126DF503932D}.Release|Mixed Platforms.Build.0 = Release|x86
		{D6D41AE9-42C9-44BB-A64F-126DF503932D}.Release|x86.ActiveCfg = Release|x86
		{D6D41AE9-42C9-44BB-A64F-126DF503932D}.Release|x86.Build.0 = Release|x86
		{D6D41AE9-42C9-44BB-A64F-126DF503932D}.Test|Any CPU.ActiveCfg = Release|x86
		{D6D41AE9-42C9-44BB-A64F-126DF503932D}.Test|Mixed Platforms.ActiveCfg = Release|x86
		{D6D41AE9-42C9-44BB-A64F-126DF503932D}.Test|Mixed Platforms.Build.0 = Release|x86
		{D6D41AE9-42C9-44BB-A64F-126DF503932D}.Test|x86.ActiveCfg = Release|x86
		{D6D41AE9-42C9-44BB-A64F-126DF503932D}.Test|x86.Build.0 = Release|x86
		{455E7D70-1C85-4D7F-9F01-DC801B8B8C34}.Debug|Any CPU.ActiveCfg = Debug|Any CPU
		{455E7D70-1C85-4D7F-9F01-DC801B8B8C34}.Debug|Any CPU.Build.0 = Debug|Any CPU
		{455E7D70-1C85-4D7F-9F01-DC801B8B8C34}.Debug|Mixed Platforms.ActiveCfg = Debug|Any CPU
		{455E7D70-1C85-4D7F-9F01-DC801B8B8C34}.Debug|Mixed Platforms.Build.0 = Debug|Any CPU
		{455E7D70-1C85-4D7F-9F01-DC801B8B8C34}.Debug|x86.ActiveCfg = Debug|Any CPU
		{455E7D70-1C85-4D7F-9F01-DC801B8B8C34}.Release|Any CPU.ActiveCfg = Release|Any CPU
		{455E7D70-1C85-4D7F-9F01-DC801B8B8C34}.Release|Any CPU.Build.0 = Release|Any CPU
		{455E7D70-1C85-4D7F-9F01-DC801B8B8C34}.Release|Mixed Platforms.ActiveCfg = Release|Any CPU
		{455E7D70-1C85-4D7F-9F01-DC801B8B8C34}.Release|Mixed Platforms.Build.0 = Release|Any CPU
		{455E7D70-1C85-4D7F-9F01-DC801B8B8C34}.Release|x86.ActiveCfg = Release|Any CPU
		{455E7D70-1C85-4D7F-9F01-DC801B8B8C34}.Test|Any CPU.ActiveCfg = Test|Any CPU
		{455E7D70-1C85-4D7F-9F01-DC801B8B8C34}.Test|Any CPU.Build.0 = Test|Any CPU
		{455E7D70-1C85-4D7F-9F01-DC801B8B8C34}.Test|Mixed Platforms.ActiveCfg = Test|Any CPU
		{455E7D70-1C85-4D7F-9F01-DC801B8B8C34}.Test|Mixed Platforms.Build.0 = Test|Any CPU
		{455E7D70-1C85-4D7F-9F01-DC801B8B8C34}.Test|x86.ActiveCfg = Test|Any CPU
		{E14C4A2D-C4F3-486E-9DBD-74258A308807}.Debug|Any CPU.ActiveCfg = Debug|Any CPU
		{E14C4A2D-C4F3-486E-9DBD-74258A308807}.Debug|Any CPU.Build.0 = Debug|Any CPU
		{E14C4A2D-C4F3-486E-9DBD-74258A308807}.Debug|Mixed Platforms.ActiveCfg = Debug|Any CPU
		{E14C4A2D-C4F3-486E-9DBD-74258A308807}.Debug|Mixed Platforms.Build.0 = Debug|Any CPU
		{E14C4A2D-C4F3-486E-9DBD-74258A308807}.Debug|x86.ActiveCfg = Debug|Any CPU
		{E14C4A2D-C4F3-486E-9DBD-74258A308807}.Release|Any CPU.ActiveCfg = Release|Any CPU
		{E14C4A2D-C4F3-486E-9DBD-74258A308807}.Release|Any CPU.Build.0 = Release|Any CPU
		{E14C4A2D-C4F3-486E-9DBD-74258A308807}.Release|Mixed Platforms.ActiveCfg = Release|Any CPU
		{E14C4A2D-C4F3-486E-9DBD-74258A308807}.Release|Mixed Platforms.Build.0 = Release|Any CPU
		{E14C4A2D-C4F3-486E-9DBD-74258A308807}.Release|x86.ActiveCfg = Release|Any CPU
		{E14C4A2D-C4F3-486E-9DBD-74258A308807}.Test|Any CPU.ActiveCfg = Release|Any CPU
		{E14C4A2D-C4F3-486E-9DBD-74258A308807}.Test|Any CPU.Build.0 = Release|Any CPU
		{E14C4A2D-C4F3-486E-9DBD-74258A308807}.Test|Mixed Platforms.ActiveCfg = Release|Any CPU
		{E14C4A2D-C4F3-486E-9DBD-74258A308807}.Test|Mixed Platforms.Build.0 = Release|Any CPU
		{E14C4A2D-C4F3-486E-9DBD-74258A308807}.Test|x86.ActiveCfg = Release|Any CPU
	EndGlobalSection
	GlobalSection(SolutionProperties) = preSolution
		HideSolutionNode = FALSE
	EndGlobalSection
	GlobalSection(ExtensibilityGlobals) = postSolution
		BuildVersion_BuildVersioningStyle = None.None.Increment.TimeStamp
		BuildVersion_StartDate = 2010/8/30
	EndGlobalSection
EndGlobal
